
Microsoft Visual Studio Solution File, Format Version 12.00
# Visual Studio 2017
Project("{FAE04EC0-301F-11D3-BF4B-00C04F79EFBC}") = "4Year_Unity_CaptainCillian", "4Year_Unity_CaptainCillian.csproj", "{F02D004B-6026-3B79-952A-F806D600E8F8}"
EndProject
Global
	GlobalSection(SolutionConfigurationPlatforms) = preSolution
		Debug|Any CPU = Debug|Any CPU
		Release|Any CPU = Release|Any CPU
	EndGlobalSection
	GlobalSection(ProjectConfigurationPlatforms) = postSolution
		{F02D004B-6026-3B79-952A-F806D600E8F8}.Debug|Any CPU.ActiveCfg = Debug|Any CPU
		{F02D004B-6026-3B79-952A-F806D600E8F8}.Debug|Any CPU.Build.0 = Debug|Any CPU
		{F02D004B-6026-3B79-952A-F806D600E8F8}.Release|Any CPU.ActiveCfg = Release|Any CPU
		{F02D004B-6026-3B79-952A-F806D600E8F8}.Release|Any CPU.Build.0 = Release|Any CPU
	EndGlobalSection
	GlobalSection(SolutionProperties) = preSolution
		HideSolutionNode = FALSE
	EndGlobalSection
EndGlobal
